// !$*UTF8*$!
{
	archiveVersion = 1;
	classes = {
	};
	objectVersion = 56;
	objects = {

/* Begin PBXBuildFile section */
		25DEF26BC0D130D5E0E3A5DB /* Pods_Fooderin.framework in Frameworks */ = {isa = PBXBuildFile; fileRef = 8E2B5F70188C6434A710A26E /* Pods_Fooderin.framework */; };
		E8916E8828D9BB0000791932 /* FoodCategoryCollectionViewCell.swift in Sources */ = {isa = PBXBuildFile; fileRef = E8916E8728D9BB0000791932 /* FoodCategoryCollectionViewCell.swift */; };
		E8916E8A28D9BB0A00791932 /* PopularDishesCollectionViewCell.swift in Sources */ = {isa = PBXBuildFile; fileRef = E8916E8928D9BB0A00791932 /* PopularDishesCollectionViewCell.swift */; };
		E8916E8C28D9BB1500791932 /* ChefsSpecialsCollectionViewCell.swift in Sources */ = {isa = PBXBuildFile; fileRef = E8916E8B28D9BB1500791932 /* ChefsSpecialsCollectionViewCell.swift */; };
		E8916E8E28D9BB2500791932 /* HeaderCollectionReusableView.swift in Sources */ = {isa = PBXBuildFile; fileRef = E8916E8D28D9BB2500791932 /* HeaderCollectionReusableView.swift */; };
		E8916E9428D9BFFC00791932 /* HomeConstants.swift in Sources */ = {isa = PBXBuildFile; fileRef = E8916E9328D9BFFC00791932 /* HomeConstants.swift */; };
		E8916E9628D9EF7300791932 /* FoodCategory.swift in Sources */ = {isa = PBXBuildFile; fileRef = E8916E9528D9EF7300791932 /* FoodCategory.swift */; };
		E8916E9A28D9F18900791932 /* String+.swift in Sources */ = {isa = PBXBuildFile; fileRef = E8916E9928D9F18900791932 /* String+.swift */; };
		E8916E9C28DA028300791932 /* Dish.swift in Sources */ = {isa = PBXBuildFile; fileRef = E8916E9B28DA028200791932 /* Dish.swift */; };
		E8C5B3B328D8A5EB00101901 /* AppDelegate.swift in Sources */ = {isa = PBXBuildFile; fileRef = E8C5B3B228D8A5EB00101901 /* AppDelegate.swift */; };
		E8C5B3B528D8A5EB00101901 /* SceneDelegate.swift in Sources */ = {isa = PBXBuildFile; fileRef = E8C5B3B428D8A5EB00101901 /* SceneDelegate.swift */; };
		E8C5B3BA28D8A5EB00101901 /* Main.storyboard in Resources */ = {isa = PBXBuildFile; fileRef = E8C5B3B828D8A5EB00101901 /* Main.storyboard */; };
		E8C5B3BC28D8A5EB00101901 /* Assets.xcassets in Resources */ = {isa = PBXBuildFile; fileRef = E8C5B3BB28D8A5EB00101901 /* Assets.xcassets */; };
		E8C5B3BF28D8A5EB00101901 /* LaunchScreen.storyboard in Resources */ = {isa = PBXBuildFile; fileRef = E8C5B3BD28D8A5EB00101901 /* LaunchScreen.storyboard */; };
		E8C5B3CC28D8ACFF00101901 /* OnboardingViewController.swift in Sources */ = {isa = PBXBuildFile; fileRef = E8C5B3CB28D8ACFF00101901 /* OnboardingViewController.swift */; };
		E8C5B3CE28D8AFFD00101901 /* UIColor+.swift in Sources */ = {isa = PBXBuildFile; fileRef = E8C5B3CD28D8AFFD00101901 /* UIColor+.swift */; };
		E8C5B3D128D8B1E500101901 /* OnboardingSlide.swift in Sources */ = {isa = PBXBuildFile; fileRef = E8C5B3D028D8B1E500101901 /* OnboardingSlide.swift */; };
		E8C5B3D328D8B31500101901 /* OnboardingCollectionViewCell.swift in Sources */ = {isa = PBXBuildFile; fileRef = E8C5B3D228D8B31500101901 /* OnboardingCollectionViewCell.swift */; };
		E8C5B3D628D8B77300101901 /* OnboardingConstants.swift in Sources */ = {isa = PBXBuildFile; fileRef = E8C5B3D528D8B77300101901 /* OnboardingConstants.swift */; };
		E8C5B3D928D8C39B00101901 /* HomeViewController.swift in Sources */ = {isa = PBXBuildFile; fileRef = E8C5B3D828D8C39B00101901 /* HomeViewController.swift */; };
		E8C5B3DC28D8C3B400101901 /* Storyboarded.swift in Sources */ = {isa = PBXBuildFile; fileRef = E8C5B3DB28D8C3B400101901 /* Storyboarded.swift */; };
		E8C5B3DE28D8D04500101901 /* HomeCompositionalLayout.swift in Sources */ = {isa = PBXBuildFile; fileRef = E8C5B3DD28D8D04500101901 /* HomeCompositionalLayout.swift */; };
/* End PBXBuildFile section */

/* Begin PBXFileReference section */
		44730FE86CF33E020A586567 /* Pods-Fooderin.release.xcconfig */ = {isa = PBXFileReference; includeInIndex = 1; lastKnownFileType = text.xcconfig; name = "Pods-Fooderin.release.xcconfig"; path = "Target Support Files/Pods-Fooderin/Pods-Fooderin.release.xcconfig"; sourceTree = "<group>"; };
		7D3FA5B98B44089329E61B5E /* Pods-Fooderin.debug.xcconfig */ = {isa = PBXFileReference; includeInIndex = 1; lastKnownFileType = text.xcconfig; name = "Pods-Fooderin.debug.xcconfig"; path = "Target Support Files/Pods-Fooderin/Pods-Fooderin.debug.xcconfig"; sourceTree = "<group>"; };
		8E2B5F70188C6434A710A26E /* Pods_Fooderin.framework */ = {isa = PBXFileReference; explicitFileType = wrapper.framework; includeInIndex = 0; path = Pods_Fooderin.framework; sourceTree = BUILT_PRODUCTS_DIR; };
		E8916E8728D9BB0000791932 /* FoodCategoryCollectionViewCell.swift */ = {isa = PBXFileReference; lastKnownFileType = sourcecode.swift; path = FoodCategoryCollectionViewCell.swift; sourceTree = "<group>"; };
		E8916E8928D9BB0A00791932 /* PopularDishesCollectionViewCell.swift */ = {isa = PBXFileReference; lastKnownFileType = sourcecode.swift; path = PopularDishesCollectionViewCell.swift; sourceTree = "<group>"; };
		E8916E8B28D9BB1500791932 /* ChefsSpecialsCollectionViewCell.swift */ = {isa = PBXFileReference; lastKnownFileType = sourcecode.swift; path = ChefsSpecialsCollectionViewCell.swift; sourceTree = "<group>"; };
		E8916E8D28D9BB2500791932 /* HeaderCollectionReusableView.swift */ = {isa = PBXFileReference; lastKnownFileType = sourcecode.swift; path = HeaderCollectionReusableView.swift; sourceTree = "<group>"; };
		E8916E9328D9BFFC00791932 /* HomeConstants.swift */ = {isa = PBXFileReference; lastKnownFileType = sourcecode.swift; path = HomeConstants.swift; sourceTree = "<group>"; };
		E8916E9528D9EF7300791932 /* FoodCategory.swift */ = {isa = PBXFileReference; lastKnownFileType = sourcecode.swift; path = FoodCategory.swift; sourceTree = "<group>"; };
		E8916E9928D9F18900791932 /* String+.swift */ = {isa = PBXFileReference; lastKnownFileType = sourcecode.swift; path = "String+.swift"; sourceTree = "<group>"; };
		E8916E9B28DA028200791932 /* Dish.swift */ = {isa = PBXFileReference; lastKnownFileType = sourcecode.swift; path = Dish.swift; sourceTree = "<group>"; };
		E8C5B3AF28D8A5EB00101901 /* Fooderin.app */ = {isa = PBXFileReference; explicitFileType = wrapper.application; includeInIndex = 0; path = Fooderin.app; sourceTree = BUILT_PRODUCTS_DIR; };
		E8C5B3B228D8A5EB00101901 /* AppDelegate.swift */ = {isa = PBXFileReference; lastKnownFileType = sourcecode.swift; path = AppDelegate.swift; sourceTree = "<group>"; };
		E8C5B3B428D8A5EB00101901 /* SceneDelegate.swift */ = {isa = PBXFileReference; lastKnownFileType = sourcecode.swift; path = SceneDelegate.swift; sourceTree = "<group>"; };
		E8C5B3B928D8A5EB00101901 /* Base */ = {isa = PBXFileReference; lastKnownFileType = file.storyboard; name = Base; path = Base.lproj/Main.storyboard; sourceTree = "<group>"; };
		E8C5B3BB28D8A5EB00101901 /* Assets.xcassets */ = {isa = PBXFileReference; lastKnownFileType = folder.assetcatalog; path = Assets.xcassets; sourceTree = "<group>"; };
		E8C5B3BE28D8A5EB00101901 /* Base */ = {isa = PBXFileReference; lastKnownFileType = file.storyboard; name = Base; path = Base.lproj/LaunchScreen.storyboard; sourceTree = "<group>"; };
		E8C5B3C028D8A5EB00101901 /* Info.plist */ = {isa = PBXFileReference; lastKnownFileType = text.plist.xml; path = Info.plist; sourceTree = "<group>"; };
		E8C5B3CB28D8ACFF00101901 /* OnboardingViewController.swift */ = {isa = PBXFileReference; lastKnownFileType = sourcecode.swift; path = OnboardingViewController.swift; sourceTree = "<group>"; };
		E8C5B3CD28D8AFFD00101901 /* UIColor+.swift */ = {isa = PBXFileReference; lastKnownFileType = sourcecode.swift; path = "UIColor+.swift"; sourceTree = "<group>"; };
		E8C5B3D028D8B1E500101901 /* OnboardingSlide.swift */ = {isa = PBXFileReference; lastKnownFileType = sourcecode.swift; path = OnboardingSlide.swift; sourceTree = "<group>"; };
		E8C5B3D228D8B31500101901 /* OnboardingCollectionViewCell.swift */ = {isa = PBXFileReference; lastKnownFileType = sourcecode.swift; path = OnboardingCollectionViewCell.swift; sourceTree = "<group>"; };
		E8C5B3D528D8B77300101901 /* OnboardingConstants.swift */ = {isa = PBXFileReference; lastKnownFileType = sourcecode.swift; path = OnboardingConstants.swift; sourceTree = "<group>"; };
		E8C5B3D828D8C39B00101901 /* HomeViewController.swift */ = {isa = PBXFileReference; lastKnownFileType = sourcecode.swift; path = HomeViewController.swift; sourceTree = "<group>"; };
		E8C5B3DB28D8C3B400101901 /* Storyboarded.swift */ = {isa = PBXFileReference; lastKnownFileType = sourcecode.swift; path = Storyboarded.swift; sourceTree = "<group>"; };
		E8C5B3DD28D8D04500101901 /* HomeCompositionalLayout.swift */ = {isa = PBXFileReference; lastKnownFileType = sourcecode.swift; path = HomeCompositionalLayout.swift; sourceTree = "<group>"; };
/* End PBXFileReference section */

/* Begin PBXFrameworksBuildPhase section */
		E8C5B3AC28D8A5EB00101901 /* Frameworks */ = {
			isa = PBXFrameworksBuildPhase;
			buildActionMask = 2147483647;
			files = (
				25DEF26BC0D130D5E0E3A5DB /* Pods_Fooderin.framework in Frameworks */,
			);
			runOnlyForDeploymentPostprocessing = 0;
		};
/* End PBXFrameworksBuildPhase section */

/* Begin PBXGroup section */
		1F7247E2F26C128ECBC3CB45 /* Pods */ = {
			isa = PBXGroup;
			children = (
				7D3FA5B98B44089329E61B5E /* Pods-Fooderin.debug.xcconfig */,
				44730FE86CF33E020A586567 /* Pods-Fooderin.release.xcconfig */,
			);
			path = Pods;
			sourceTree = "<group>";
		};
		392F708EBF918562B47194B1 /* Frameworks */ = {
			isa = PBXGroup;
			children = (
				8E2B5F70188C6434A710A26E /* Pods_Fooderin.framework */,
			);
			name = Frameworks;
			sourceTree = "<group>";
		};
		E8916E8F28D9BB2900791932 /* View */ = {
			isa = PBXGroup;
			children = (
				E8C5B3DD28D8D04500101901 /* HomeCompositionalLayout.swift */,
				E8916E8728D9BB0000791932 /* FoodCategoryCollectionViewCell.swift */,
				E8916E8928D9BB0A00791932 /* PopularDishesCollectionViewCell.swift */,
				E8916E8B28D9BB1500791932 /* ChefsSpecialsCollectionViewCell.swift */,
				E8916E8D28D9BB2500791932 /* HeaderCollectionReusableView.swift */,
			);
			path = View;
			sourceTree = "<group>";
		};
		E8916E9028D9BB6100791932 /* Controller */ = {
			isa = PBXGroup;
			children = (
				E8C5B3D828D8C39B00101901 /* HomeViewController.swift */,
			);
			path = Controller;
			sourceTree = "<group>";
		};
		E8916E9128D9BB7400791932 /* View */ = {
			isa = PBXGroup;
			children = (
				E8C5B3D228D8B31500101901 /* OnboardingCollectionViewCell.swift */,
			);
			path = View;
			sourceTree = "<group>";
		};
		E8916E9228D9BB7700791932 /* Controller */ = {
			isa = PBXGroup;
			children = (
				E8C5B3CB28D8ACFF00101901 /* OnboardingViewController.swift */,
			);
			path = Controller;
			sourceTree = "<group>";
		};
		E8916E9728D9F0B800791932 /* Model */ = {
			isa = PBXGroup;
			children = (
				E8C5B3D028D8B1E500101901 /* OnboardingSlide.swift */,
			);
			path = Model;
			sourceTree = "<group>";
		};
		E8916E9828D9F0C100791932 /* Model */ = {
			isa = PBXGroup;
			children = (
				E8916E9528D9EF7300791932 /* FoodCategory.swift */,
				E8916E9B28DA028200791932 /* Dish.swift */,
			);
			path = Model;
			sourceTree = "<group>";
		};
		E8C5B3A628D8A5EB00101901 = {
			isa = PBXGroup;
			children = (
				E8C5B3B128D8A5EB00101901 /* Fooderin */,
				E8C5B3B028D8A5EB00101901 /* Products */,
				1F7247E2F26C128ECBC3CB45 /* Pods */,
				392F708EBF918562B47194B1 /* Frameworks */,
			);
			sourceTree = "<group>";
		};
		E8C5B3B028D8A5EB00101901 /* Products */ = {
			isa = PBXGroup;
			children = (
				E8C5B3AF28D8A5EB00101901 /* Fooderin.app */,
			);
			name = Products;
			sourceTree = "<group>";
		};
		E8C5B3B128D8A5EB00101901 /* Fooderin */ = {
			isa = PBXGroup;
			children = (
				E8C5B3DA28D8C3A800101901 /* Protocols */,
				E8C5B3CF28D8B10800101901 /* Extensions */,
				E8C5B3C928D8ACDB00101901 /* CustomViews */,
				E8C5B3C828D8ACD600101901 /* Modules */,
				E8C5B3B228D8A5EB00101901 /* AppDelegate.swift */,
				E8C5B3B428D8A5EB00101901 /* SceneDelegate.swift */,
				E8C5B3B828D8A5EB00101901 /* Main.storyboard */,
				E8C5B3BB28D8A5EB00101901 /* Assets.xcassets */,
				E8C5B3BD28D8A5EB00101901 /* LaunchScreen.storyboard */,
				E8C5B3C028D8A5EB00101901 /* Info.plist */,
			);
			path = Fooderin;
			sourceTree = "<group>";
		};
		E8C5B3C828D8ACD600101901 /* Modules */ = {
			isa = PBXGroup;
			children = (
				E8C5B3CA28D8ACE900101901 /* Onboarding */,
				E8C5B3D728D8C38400101901 /* Home */,
			);
			path = Modules;
			sourceTree = "<group>";
		};
		E8C5B3C928D8ACDB00101901 /* CustomViews */ = {
			isa = PBXGroup;
			children = (
			);
			path = CustomViews;
			sourceTree = "<group>";
		};
		E8C5B3CA28D8ACE900101901 /* Onboarding */ = {
			isa = PBXGroup;
			children = (
				E8C5B3D528D8B77300101901 /* OnboardingConstants.swift */,
				E8916E9728D9F0B800791932 /* Model */,
				E8916E9228D9BB7700791932 /* Controller */,
				E8916E9128D9BB7400791932 /* View */,
			);
			path = Onboarding;
			sourceTree = "<group>";
		};
		E8C5B3CF28D8B10800101901 /* Extensions */ = {
			isa = PBXGroup;
			children = (
				E8C5B3CD28D8AFFD00101901 /* UIColor+.swift */,
				E8916E9928D9F18900791932 /* String+.swift */,
			);
			path = Extensions;
			sourceTree = "<group>";
		};
		E8C5B3D728D8C38400101901 /* Home */ = {
			isa = PBXGroup;
			children = (
				E8916E9328D9BFFC00791932 /* HomeConstants.swift */,
				E8916E9828D9F0C100791932 /* Model */,
				E8916E9028D9BB6100791932 /* Controller */,
				E8916E8F28D9BB2900791932 /* View */,
			);
			path = Home;
			sourceTree = "<group>";
		};
		E8C5B3DA28D8C3A800101901 /* Protocols */ = {
			isa = PBXGroup;
			children = (
				E8C5B3DB28D8C3B400101901 /* Storyboarded.swift */,
			);
			path = Protocols;
			sourceTree = "<group>";
		};
/* End PBXGroup section */

/* Begin PBXNativeTarget section */
		E8C5B3AE28D8A5EB00101901 /* Fooderin */ = {
			isa = PBXNativeTarget;
			buildConfigurationList = E8C5B3C328D8A5EB00101901 /* Build configuration list for PBXNativeTarget "Fooderin" */;
			buildPhases = (
				FCC991A50A9D7CA3175D61C4 /* [CP] Check Pods Manifest.lock */,
				E8C5B3AB28D8A5EB00101901 /* Sources */,
				E8C5B3AC28D8A5EB00101901 /* Frameworks */,
				E8C5B3AD28D8A5EB00101901 /* Resources */,
				891301D26CDB6388DC9C26E7 /* [CP] Embed Pods Frameworks */,
			);
			buildRules = (
			);
			dependencies = (
			);
			name = Fooderin;
			productName = Fooderin;
			productReference = E8C5B3AF28D8A5EB00101901 /* Fooderin.app */;
			productType = "com.apple.product-type.application";
		};
/* End PBXNativeTarget section */

/* Begin PBXProject section */
		E8C5B3A728D8A5EB00101901 /* Project object */ = {
			isa = PBXProject;
			attributes = {
				BuildIndependentTargetsInParallel = 1;
				LastSwiftUpdateCheck = 1400;
				LastUpgradeCheck = 1400;
				TargetAttributes = {
					E8C5B3AE28D8A5EB00101901 = {
						CreatedOnToolsVersion = 14.0;
					};
				};
			};
			buildConfigurationList = E8C5B3AA28D8A5EB00101901 /* Build configuration list for PBXProject "Fooderin" */;
			compatibilityVersion = "Xcode 14.0";
			developmentRegion = en;
			hasScannedForEncodings = 0;
			knownRegions = (
				en,
				Base,
			);
			mainGroup = E8C5B3A628D8A5EB00101901;
			productRefGroup = E8C5B3B028D8A5EB00101901 /* Products */;
			projectDirPath = "";
			projectRoot = "";
			targets = (
				E8C5B3AE28D8A5EB00101901 /* Fooderin */,
			);
		};
/* End PBXProject section */

/* Begin PBXResourcesBuildPhase section */
		E8C5B3AD28D8A5EB00101901 /* Resources */ = {
			isa = PBXResourcesBuildPhase;
			buildActionMask = 2147483647;
			files = (
				E8C5B3BF28D8A5EB00101901 /* LaunchScreen.storyboard in Resources */,
				E8C5B3BC28D8A5EB00101901 /* Assets.xcassets in Resources */,
				E8C5B3BA28D8A5EB00101901 /* Main.storyboard in Resources */,
			);
			runOnlyForDeploymentPostprocessing = 0;
		};
/* End PBXResourcesBuildPhase section */

/* Begin PBXShellScriptBuildPhase section */
		891301D26CDB6388DC9C26E7 /* [CP] Embed Pods Frameworks */ = {
			isa = PBXShellScriptBuildPhase;
			buildActionMask = 2147483647;
			files = (
			);
			inputFileListPaths = (
				"${PODS_ROOT}/Target Support Files/Pods-Fooderin/Pods-Fooderin-frameworks-${CONFIGURATION}-input-files.xcfilelist",
			);
			name = "[CP] Embed Pods Frameworks";
			outputFileListPaths = (
				"${PODS_ROOT}/Target Support Files/Pods-Fooderin/Pods-Fooderin-frameworks-${CONFIGURATION}-output-files.xcfilelist",
			);
			runOnlyForDeploymentPostprocessing = 0;
			shellPath = /bin/sh;
			shellScript = "\"${PODS_ROOT}/Target Support Files/Pods-Fooderin/Pods-Fooderin-frameworks.sh\"\n";
			showEnvVarsInLog = 0;
		};
		FCC991A50A9D7CA3175D61C4 /* [CP] Check Pods Manifest.lock */ = {
			isa = PBXShellScriptBuildPhase;
			buildActionMask = 2147483647;
			files = (
			);
			inputFileListPaths = (
			);
			inputPaths = (
				"${PODS_PODFILE_DIR_PATH}/Podfile.lock",
				"${PODS_ROOT}/Manifest.lock",
			);
			name = "[CP] Check Pods Manifest.lock";
			outputFileListPaths = (
			);
			outputPaths = (
				"$(DERIVED_FILE_DIR)/Pods-Fooderin-checkManifestLockResult.txt",
			);
			runOnlyForDeploymentPostprocessing = 0;
			shellPath = /bin/sh;
			shellScript = "diff \"${PODS_PODFILE_DIR_PATH}/Podfile.lock\" \"${PODS_ROOT}/Manifest.lock\" > /dev/null\nif [ $? != 0 ] ; then\n    # print error to STDERR\n    echo \"error: The sandbox is not in sync with the Podfile.lock. Run 'pod install' or update your CocoaPods installation.\" >&2\n    exit 1\nfi\n# This output is used by Xcode 'outputs' to avoid re-running this script phase.\necho \"SUCCESS\" > \"${SCRIPT_OUTPUT_FILE_0}\"\n";
			showEnvVarsInLog = 0;
		};
/* End PBXShellScriptBuildPhase section */

/* Begin PBXSourcesBuildPhase section */
		E8C5B3AB28D8A5EB00101901 /* Sources */ = {
			isa = PBXSourcesBuildPhase;
			buildActionMask = 2147483647;
			files = (
				E8916E8E28D9BB2500791932 /* HeaderCollectionReusableView.swift in Sources */,
				E8C5B3D128D8B1E500101901 /* OnboardingSlide.swift in Sources */,
				E8C5B3B328D8A5EB00101901 /* AppDelegate.swift in Sources */,
				E8916E9628D9EF7300791932 /* FoodCategory.swift in Sources */,
				E8916E8A28D9BB0A00791932 /* PopularDishesCollectionViewCell.swift in Sources */,
				E8C5B3D628D8B77300101901 /* OnboardingConstants.swift in Sources */,
				E8916E8C28D9BB1500791932 /* ChefsSpecialsCollectionViewCell.swift in Sources */,
				E8C5B3D928D8C39B00101901 /* HomeViewController.swift in Sources */,
				E8C5B3CE28D8AFFD00101901 /* UIColor+.swift in Sources */,
				E8C5B3DE28D8D04500101901 /* HomeCompositionalLayout.swift in Sources */,
				E8C5B3DC28D8C3B400101901 /* Storyboarded.swift in Sources */,
				E8916E8828D9BB0000791932 /* FoodCategoryCollectionViewCell.swift in Sources */,
				E8C5B3B528D8A5EB00101901 /* SceneDelegate.swift in Sources */,
				E8916E9C28DA028300791932 /* Dish.swift in Sources */,
				E8C5B3CC28D8ACFF00101901 /* OnboardingViewController.swift in Sources */,
				E8916E9A28D9F18900791932 /* String+.swift in Sources */,
				E8916E9428D9BFFC00791932 /* HomeConstants.swift in Sources */,
				E8C5B3D328D8B31500101901 /* OnboardingCollectionViewCell.swift in Sources */,
			);
			runOnlyForDeploymentPostprocessing = 0;
		};
/* End PBXSourcesBuildPhase section */

/* Begin PBXVariantGroup section */
		E8C5B3B828D8A5EB00101901 /* Main.storyboard */ = {
			isa = PBXVariantGroup;
			children = (
				E8C5B3B928D8A5EB00101901 /* Base */,
			);
			name = Main.storyboard;
			sourceTree = "<group>";
		};
		E8C5B3BD28D8A5EB00101901 /* LaunchScreen.storyboard */ = {
			isa = PBXVariantGroup;
			children = (
				E8C5B3BE28D8A5EB00101901 /* Base */,
			);
			name = LaunchScreen.storyboard;
			sourceTree = "<group>";
		};
/* End PBXVariantGroup section */

/* Begin XCBuildConfiguration section */
		E8C5B3C128D8A5EB00101901 /* Debug */ = {
			isa = XCBuildConfiguration;
			buildSettings = {
				ALWAYS_SEARCH_USER_PATHS = NO;
				CLANG_ANALYZER_NONNULL = YES;
				CLANG_ANALYZER_NUMBER_OBJECT_CONVERSION = YES_AGGRESSIVE;
				CLANG_CXX_LANGUAGE_STANDARD = "gnu++20";
				CLANG_ENABLE_MODULES = YES;
				CLANG_ENABLE_OBJC_ARC = YES;
				CLANG_ENABLE_OBJC_WEAK = YES;
				CLANG_WARN_BLOCK_CAPTURE_AUTORELEASING = YES;
				CLANG_WARN_BOOL_CONVERSION = YES;
				CLANG_WARN_COMMA = YES;
				CLANG_WARN_CONSTANT_CONVERSION = YES;
				CLANG_WARN_DEPRECATED_OBJC_IMPLEMENTATIONS = YES;
				CLANG_WARN_DIRECT_OBJC_ISA_USAGE = YES_ERROR;
				CLANG_WARN_DOCUMENTATION_COMMENTS = YES;
				CLANG_WARN_EMPTY_BODY = YES;
				CLANG_WARN_ENUM_CONVERSION = YES;
				CLANG_WARN_INFINITE_RECURSION = YES;
				CLANG_WARN_INT_CONVERSION = YES;
				CLANG_WARN_NON_LITERAL_NULL_CONVERSION = YES;
				CLANG_WARN_OBJC_IMPLICIT_RETAIN_SELF = YES;
				CLANG_WARN_OBJC_LITERAL_CONVERSION = YES;
				CLANG_WARN_OBJC_ROOT_CLASS = YES_ERROR;
				CLANG_WARN_QUOTED_INCLUDE_IN_FRAMEWORK_HEADER = YES;
				CLANG_WARN_RANGE_LOOP_ANALYSIS = YES;
				CLANG_WARN_STRICT_PROTOTYPES = YES;
				CLANG_WARN_SUSPICIOUS_MOVE = YES;
				CLANG_WARN_UNGUARDED_AVAILABILITY = YES_AGGRESSIVE;
				CLANG_WARN_UNREACHABLE_CODE = YES;
				CLANG_WARN__DUPLICATE_METHOD_MATCH = YES;
				COPY_PHASE_STRIP = NO;
				DEBUG_INFORMATION_FORMAT = dwarf;
				ENABLE_STRICT_OBJC_MSGSEND = YES;
				ENABLE_TESTABILITY = YES;
				GCC_C_LANGUAGE_STANDARD = gnu11;
				GCC_DYNAMIC_NO_PIC = NO;
				GCC_NO_COMMON_BLOCKS = YES;
				GCC_OPTIMIZATION_LEVEL = 0;
				GCC_PREPROCESSOR_DEFINITIONS = (
					"DEBUG=1",
					"$(inherited)",
				);
				GCC_WARN_64_TO_32_BIT_CONVERSION = YES;
				GCC_WARN_ABOUT_RETURN_TYPE = YES_ERROR;
				GCC_WARN_UNDECLARED_SELECTOR = YES;
				GCC_WARN_UNINITIALIZED_AUTOS = YES_AGGRESSIVE;
				GCC_WARN_UNUSED_FUNCTION = YES;
				GCC_WARN_UNUSED_VARIABLE = YES;
				IPHONEOS_DEPLOYMENT_TARGET = 16.0;
				MTL_ENABLE_DEBUG_INFO = INCLUDE_SOURCE;
				MTL_FAST_MATH = YES;
				ONLY_ACTIVE_ARCH = YES;
				SDKROOT = iphoneos;
				SWIFT_ACTIVE_COMPILATION_CONDITIONS = DEBUG;
				SWIFT_OPTIMIZATION_LEVEL = "-Onone";
			};
			name = Debug;
		};
		E8C5B3C228D8A5EB00101901 /* Release */ = {
			isa = XCBuildConfiguration;
			buildSettings = {
				ALWAYS_SEARCH_USER_PATHS = NO;
				CLANG_ANALYZER_NONNULL = YES;
				CLANG_ANALYZER_NUMBER_OBJECT_CONVERSION = YES_AGGRESSIVE;
				CLANG_CXX_LANGUAGE_STANDARD = "gnu++20";
				CLANG_ENABLE_MODULES = YES;
				CLANG_ENABLE_OBJC_ARC = YES;
				CLANG_ENABLE_OBJC_WEAK = YES;
				CLANG_WARN_BLOCK_CAPTURE_AUTORELEASING = YES;
				CLANG_WARN_BOOL_CONVERSION = YES;
				CLANG_WARN_COMMA = YES;
				CLANG_WARN_CONSTANT_CONVERSION = YES;
				CLANG_WARN_DEPRECATED_OBJC_IMPLEMENTATIONS = YES;
				CLANG_WARN_DIRECT_OBJC_ISA_USAGE = YES_ERROR;
				CLANG_WARN_DOCUMENTATION_COMMENTS = YES;
				CLANG_WARN_EMPTY_BODY = YES;
				CLANG_WARN_ENUM_CONVERSION = YES;
				CLANG_WARN_INFINITE_RECURSION = YES;
				CLANG_WARN_INT_CONVERSION = YES;
				CLANG_WARN_NON_LITERAL_NULL_CONVERSION = YES;
				CLANG_WARN_OBJC_IMPLICIT_RETAIN_SELF = YES;
				CLANG_WARN_OBJC_LITERAL_CONVERSION = YES;
				CLANG_WARN_OBJC_ROOT_CLASS = YES_ERROR;
				CLANG_WARN_QUOTED_INCLUDE_IN_FRAMEWORK_HEADER = YES;
				CLANG_WARN_RANGE_LOOP_ANALYSIS = YES;
				CLANG_WARN_STRICT_PROTOTYPES = YES;
				CLANG_WARN_SUSPICIOUS_MOVE = YES;
				CLANG_WARN_UNGUARDED_AVAILABILITY = YES_AGGRESSIVE;
				CLANG_WARN_UNREACHABLE_CODE = YES;
				CLANG_WARN__DUPLICATE_METHOD_MATCH = YES;
				COPY_PHASE_STRIP = NO;
				DEBUG_INFORMATION_FORMAT = "dwarf-with-dsym";
				ENABLE_NS_ASSERTIONS = NO;
				ENABLE_STRICT_OBJC_MSGSEND = YES;
				GCC_C_LANGUAGE_STANDARD = gnu11;
				GCC_NO_COMMON_BLOCKS = YES;
				GCC_WARN_64_TO_32_BIT_CONVERSION = YES;
				GCC_WARN_ABOUT_RETURN_TYPE = YES_ERROR;
				GCC_WARN_UNDECLARED_SELECTOR = YES;
				GCC_WARN_UNINITIALIZED_AUTOS = YES_AGGRESSIVE;
				GCC_WARN_UNUSED_FUNCTION = YES;
				GCC_WARN_UNUSED_VARIABLE = YES;
				IPHONEOS_DEPLOYMENT_TARGET = 16.0;
				MTL_ENABLE_DEBUG_INFO = NO;
				MTL_FAST_MATH = YES;
				SDKROOT = iphoneos;
				SWIFT_COMPILATION_MODE = wholemodule;
				SWIFT_OPTIMIZATION_LEVEL = "-O";
				VALIDATE_PRODUCT = YES;
			};
			name = Release;
		};
		E8C5B3C428D8A5EB00101901 /* Debug */ = {
			isa = XCBuildConfiguration;
			baseConfigurationReference = 7D3FA5B98B44089329E61B5E /* Pods-Fooderin.debug.xcconfig */;
			buildSettings = {
				ASSETCATALOG_COMPILER_APPICON_NAME = AppIcon;
				ASSETCATALOG_COMPILER_GLOBAL_ACCENT_COLOR_NAME = AccentColor;
				CODE_SIGN_STYLE = Automatic;
				CURRENT_PROJECT_VERSION = 1;
				DEVELOPMENT_TEAM = 66AH87SC7Z;
				GENERATE_INFOPLIST_FILE = YES;
				INFOPLIST_FILE = Fooderin/Info.plist;
				INFOPLIST_KEY_UIApplicationSupportsIndirectInputEvents = YES;
				INFOPLIST_KEY_UILaunchStoryboardName = LaunchScreen;
				INFOPLIST_KEY_UIMainStoryboardFile = Main;
				INFOPLIST_KEY_UISupportedInterfaceOrientations_iPad = "UIInterfaceOrientationPortrait UIInterfaceOrientationPortraitUpsideDown UIInterfaceOrientationLandscapeLeft UIInterfaceOrientationLandscapeRight";
				INFOPLIST_KEY_UISupportedInterfaceOrientations_iPhone = "UIInterfaceOrientationPortrait UIInterfaceOrientationLandscapeLeft UIInterfaceOrientationLandscapeRight";
				IPHONEOS_DEPLOYMENT_TARGET = 16.0;
				LD_RUNPATH_SEARCH_PATHS = (
					"$(inherited)",
					"@executable_path/Frameworks",
				);
				MARKETING_VERSION = 1.0;
				PRODUCT_BUNDLE_IDENTIFIER = "com.pavlenkkko-iosdev.Fooderin";
				PRODUCT_NAME = "$(TARGET_NAME)";
				SWIFT_EMIT_LOC_STRINGS = YES;
				SWIFT_VERSION = 5.0;
				TARGETED_DEVICE_FAMILY = "1,2";
			};
			name = Debug;
		};
		E8C5B3C528D8A5EB00101901 /* Release */ = {
			isa = XCBuildConfiguration;
			baseConfigurationReference = 44730FE86CF33E020A586567 /* Pods-Fooderin.release.xcconfig */;
			buildSettings = {
				ASSETCATALOG_COMPILER_APPICON_NAME = AppIcon;
				ASSETCATALOG_COMPILER_GLOBAL_ACCENT_COLOR_NAME = AccentColor;
				CODE_SIGN_STYLE = Automatic;
				CURRENT_PROJECT_VERSION = 1;
				DEVELOPMENT_TEAM = 66AH87SC7Z;
				GENERATE_INFOPLIST_FILE = YES;
				INFOPLIST_FILE = Fooderin/Info.plist;
				INFOPLIST_KEY_UIApplicationSupportsIndirectInputEvents = YES;
				INFOPLIST_KEY_UILaunchStoryboardName = LaunchScreen;
				INFOPLIST_KEY_UIMainStoryboardFile = Main;
				INFOPLIST_KEY_UISupportedInterfaceOrientations_iPad = "UIInterfaceOrientationPortrait UIInterfaceOrientationPortraitUpsideDown UIInterfaceOrientationLandscapeLeft UIInterfaceOrientationLandscapeRight";
				INFOPLIST_KEY_UISupportedInterfaceOrientations_iPhone = "UIInterfaceOrientationPortrait UIInterfaceOrientationLandscapeLeft UIInterfaceOrientationLandscapeRight";
				IPHONEOS_DEPLOYMENT_TARGET = 16.0;
				LD_RUNPATH_SEARCH_PATHS = (
					"$(inherited)",
					"@executable_path/Frameworks",
				);
				MARKETING_VERSION = 1.0;
				PRODUCT_BUNDLE_IDENTIFIER = "com.pavlenkkko-iosdev.Fooderin";
				PRODUCT_NAME = "$(TARGET_NAME)";
				SWIFT_EMIT_LOC_STRINGS = YES;
				SWIFT_VERSION = 5.0;
				TARGETED_DEVICE_FAMILY = "1,2";
			};
			name = Release;
		};
/* End XCBuildConfiguration section */

/* Begin XCConfigurationList section */
		E8C5B3AA28D8A5EB00101901 /* Build configuration list for PBXProject "Fooderin" */ = {
			isa = XCConfigurationList;
			buildConfigurations = (
				E8C5B3C128D8A5EB00101901 /* Debug */,
				E8C5B3C228D8A5EB00101901 /* Release */,
			);
			defaultConfigurationIsVisible = 0;
			defaultConfigurationName = Release;
		};
		E8C5B3C328D8A5EB00101901 /* Build configuration list for PBXNativeTarget "Fooderin" */ = {
			isa = XCConfigurationList;
			buildConfigurations = (
				E8C5B3C428D8A5EB00101901 /* Debug */,
				E8C5B3C528D8A5EB00101901 /* Release */,
			);
			defaultConfigurationIsVisible = 0;
			defaultConfigurationName = Release;
		};
/* End XCConfigurationList section */
	};
	rootObject = E8C5B3A728D8A5EB00101901 /* Project object */;
}
